{
  "version": 4,
  "terraform_version": "1.2.5",
  "serial": 1322,
  "lineage": "c49fed8d-e150-b97b-afff-03a4a17bceab",
  "outputs": {
    "Docker-Host-IP": {
      "value": "18.236.131.3",
      "type": "string"
    },
    "dev_loadbalance": {
      "value": "JenContainer-lb-611062737.us-west-2.elb.amazonaws.com",
      "type": "string"
    },
    "dev_route53": {
      "value": [
        "ns-1483.awsdns-57.org",
        "ns-1578.awsdns-05.co.uk",
        "ns-278.awsdns-34.com",
        "ns-880.awsdns-46.net"
      ],
      "type": [
        "list",
        "string"
      ]
    }
  },
  "resources": [
    {
      "mode": "managed",
      "type": "null_resource",
      "name": "configure",
      "provider": "provider[\"registry.terraform.io/hashicorp/null\"]",
      "instances": [
        {
          "status": "tainted",
          "schema_version": 0,
          "attributes": {
            "id": "7596332492553147093",
            "triggers": null
          },
          "sensitive_attributes": [],
          "private": "bnVsbA==",
          "dependencies": [
            "module.dev_ansible.aws_instance.Ansible-Node",
            "module.dev_docker.aws_instance.JenCont-Docker-Server"
          ]
        }
      ]
    },
    {
      "mode": "managed",
      "type": "null_resource",
      "name": "configure2",
      "provider": "provider[\"registry.terraform.io/hashicorp/null\"]",
      "instances": [
        {
          "schema_version": 0,
          "attributes": {
            "id": "503682599318039039",
            "triggers": null
          },
          "sensitive_attributes": [],
          "private": "bnVsbA==",
          "dependencies": [
            "module.dev_jenkins.aws_instance.Jenkins-Host",
            "module.dev_securitygroups.aws_security_group.DocJenSona_sg",
            "module.dev_vpc.aws_subnet.JenCont-pub-sn1",
            "module.dev_vpc.aws_vpc.JenCont-vpc",
            "module.keypair.aws_key_pair.JenCont_Key"
          ]
        }
      ]
    },
    {
      "module": "module.dev_ansible",
      "mode": "managed",
      "type": "aws_instance",
      "name": "Ansible-Node",
      "provider": "provider[\"registry.terraform.io/hashicorp/aws\"]",
      "instances": [
        {
          "schema_version": 1,
          "attributes": {
            "ami": "ami-08970fb2e5767e3b8",
            "arn": "arn:aws:ec2:us-west-2:842051480147:instance/i-0d52911f139795b95",
            "associate_public_ip_address": true,
            "availability_zone": "us-west-2a",
            "capacity_reservation_specification": [
              {
                "capacity_reservation_preference": "open",
                "capacity_reservation_target": []
              }
            ],
            "cpu_core_count": 2,
            "cpu_threads_per_core": 1,
            "credit_specification": [
              {
                "cpu_credits": "standard"
              }
            ],
            "disable_api_stop": false,
            "disable_api_termination": false,
            "ebs_block_device": [],
            "ebs_optimized": false,
            "enclave_options": [
              {
                "enabled": false
              }
            ],
            "ephemeral_block_device": [],
            "get_password_data": false,
            "hibernation": false,
            "host_id": null,
            "host_resource_group_arn": null,
            "iam_instance_profile": "",
            "id": "i-0d52911f139795b95",
            "instance_initiated_shutdown_behavior": "stop",
            "instance_state": "running",
            "instance_type": "t2.medium",
            "ipv6_address_count": 0,
            "ipv6_addresses": [],
            "key_name": "test-key",
            "launch_template": [],
            "maintenance_options": [
              {
                "auto_recovery": "default"
              }
            ],
            "metadata_options": [
              {
                "http_endpoint": "enabled",
                "http_put_response_hop_limit": 1,
                "http_tokens": "optional",
                "instance_metadata_tags": "disabled"
              }
            ],
            "monitoring": false,
            "network_interface": [],
            "outpost_arn": "",
            "password_data": "",
            "placement_group": "",
            "placement_partition_number": null,
            "primary_network_interface_id": "eni-044da96d92840a054",
            "private_dns": "ip-10-0-1-183.us-west-2.compute.internal",
            "private_dns_name_options": [
              {
                "enable_resource_name_dns_a_record": false,
                "enable_resource_name_dns_aaaa_record": false,
                "hostname_type": "ip-name"
              }
            ],
            "private_ip": "10.0.1.183",
            "public_dns": "",
            "public_ip": "52.26.44.115",
            "root_block_device": [
              {
                "delete_on_termination": true,
                "device_name": "/dev/sda1",
                "encrypted": false,
                "iops": 100,
                "kms_key_id": "",
                "tags": {},
                "throughput": 0,
                "volume_id": "vol-0ff9661a45cb835e6",
                "volume_size": 10,
                "volume_type": "gp2"
              }
            ],
            "secondary_private_ips": [],
            "security_groups": [],
            "source_dest_check": true,
            "subnet_id": "subnet-0489372a332601a9a",
            "tags": {
              "Name": "Ansible_Node"
            },
            "tags_all": {
              "Name": "Ansible_Node"
            },
            "tenancy": "default",
            "timeouts": null,
            "user_data": null,
            "user_data_base64": null,
            "user_data_replace_on_change": false,
            "volume_tags": null,
            "vpc_security_group_ids": [
              "sg-067fca6fa4c80f19c"
            ]
          },
          "sensitive_attributes": [],
          "private": "eyJlMmJmYjczMC1lY2FhLTExZTYtOGY4OC0zNDM2M2JjN2M0YzAiOnsiY3JlYXRlIjo2MDAwMDAwMDAwMDAsImRlbGV0ZSI6MTIwMDAwMDAwMDAwMCwidXBkYXRlIjo2MDAwMDAwMDAwMDB9LCJzY2hlbWFfdmVyc2lvbiI6IjEifQ==",
          "dependencies": [
            "module.dev_securitygroups.aws_security_group.DocJenSona_sg",
            "module.dev_vpc.aws_subnet.JenCont-pub-sn1",
            "module.dev_vpc.aws_vpc.JenCont-vpc",
            "module.keypair.aws_key_pair.JenCont_Key"
          ]
        }
      ]
    },
    {
      "module": "module.dev_autoscaling",
      "mode": "managed",
      "type": "aws_autoscaling_group",
      "name": "Instance-ASG",
      "provider": "provider[\"registry.terraform.io/hashicorp/aws\"]",
      "instances": [
        {
          "schema_version": 0,
          "attributes": {
            "arn": "arn:aws:autoscaling:us-west-2:842051480147:autoScalingGroup:475c377d-70ca-4e93-b6f1-79f5d45d0042:autoScalingGroupName/Docker-ASG",
            "availability_zones": [
              "us-west-2a",
              "us-west-2b"
            ],
            "capacity_rebalance": false,
            "context": "",
            "default_cooldown": 300,
            "default_instance_warmup": 0,
            "desired_capacity": 2,
            "enabled_metrics": [],
            "force_delete": true,
            "force_delete_warm_pool": false,
            "health_check_grace_period": 300,
            "health_check_type": "EC2",
            "id": "Docker-ASG",
            "initial_lifecycle_hook": [],
            "instance_refresh": [],
            "launch_configuration": "docker-asg",
            "launch_template": [],
            "load_balancers": [],
            "max_instance_lifetime": 0,
            "max_size": 3,
            "metrics_granularity": "1Minute",
            "min_elb_capacity": null,
            "min_size": 2,
            "mixed_instances_policy": [],
            "name": "Docker-ASG",
            "name_prefix": "",
            "placement_group": "",
            "protect_from_scale_in": false,
            "service_linked_role_arn": "arn:aws:iam::842051480147:role/aws-service-role/autoscaling.amazonaws.com/AWSServiceRoleForAutoScaling",
            "suspended_processes": [],
            "tag": [
              {
                "key": "Name",
                "propagate_at_launch": true,
                "value": "docker-asg"
              }
            ],
            "tags": null,
            "target_group_arns": [
              "arn:aws:elasticloadbalancing:us-west-2:842051480147:targetgroup/Jencontainer-tg/76ef8b15cadc40dd"
            ],
            "termination_policies": [],
            "timeouts": null,
            "vpc_zone_identifier": [
              "subnet-0489372a332601a9a",
              "subnet-095d75dfab64ecd96"
            ],
            "wait_for_capacity_timeout": "10m",
            "wait_for_elb_capacity": null,
            "warm_pool": []
          },
          "sensitive_attributes": [],
          "private": "eyJlMmJmYjczMC1lY2FhLTExZTYtOGY4OC0zNDM2M2JjN2M0YzAiOnsiZGVsZXRlIjo2MDAwMDAwMDAwMDAsInVwZGF0ZSI6NjAwMDAwMDAwMDAwfX0=",
          "dependencies": [
            "module.dev_docker.aws_instance.JenCont-Docker-Server",
            "module.dev_instance-ami.aws_ami_from_instance.instance-ami",
            "module.dev_launch_config.aws_launch_configuration.instance-asg-lc",
            "module.dev_loadbalance.aws_lb_target_group.Jencontainer-tg",
            "module.dev_securitygroups.aws_security_group.DocJenSona_sg",
            "module.dev_vpc.aws_subnet.JenCont-pub-sn1",
            "module.dev_vpc.aws_subnet.JenCont-pub-sn2",
            "module.dev_vpc.aws_vpc.JenCont-vpc",
            "module.keypair.aws_key_pair.JenCont_Key"
          ]
        }
      ]
    },
    {
      "module": "module.dev_autoscaling",
      "mode": "managed",
      "type": "aws_autoscaling_policy",
      "name": "JenContainer-asg-policy",
      "provider": "provider[\"registry.terraform.io/hashicorp/aws\"]",
      "instances": [
        {
          "schema_version": 0,
          "attributes": {
            "adjustment_type": "",
            "arn": "arn:aws:autoscaling:us-west-2:842051480147:scalingPolicy:d7ff8f0c-493a-482b-bece-757643f2805b:autoScalingGroupName/Docker-ASG:policyName/JenContainer-asg-policy",
            "autoscaling_group_name": "Docker-ASG",
            "cooldown": 0,
            "enabled": true,
            "estimated_instance_warmup": 0,
            "id": "JenContainer-asg-policy",
            "metric_aggregation_type": "",
            "min_adjustment_magnitude": null,
            "name": "JenContainer-asg-policy",
            "policy_type": "TargetTrackingScaling",
            "predictive_scaling_configuration": [],
            "scaling_adjustment": 0,
            "step_adjustment": [],
            "target_tracking_configuration": [
              {
                "customized_metric_specification": [],
                "disable_scale_in": false,
                "predefined_metric_specification": [
                  {
                    "predefined_metric_type": "ASGAverageCPUUtilization",
                    "resource_label": ""
                  }
                ],
                "target_value": 60
              }
            ]
          },
          "sensitive_attributes": [],
          "private": "bnVsbA==",
          "dependencies": [
            "module.dev_autoscaling.aws_autoscaling_group.Instance-ASG"
          ]
        }
      ]
    },
    {
      "module": "module.dev_docker",
      "mode": "managed",
      "type": "aws_instance",
      "name": "JenCont-Docker-Server",
      "provider": "provider[\"registry.terraform.io/hashicorp/aws\"]",
      "instances": [
        {
          "schema_version": 1,
          "attributes": {
            "ami": "ami-08970fb2e5767e3b8",
            "arn": "arn:aws:ec2:us-west-2:842051480147:instance/i-0c85772905316353b",
            "associate_public_ip_address": true,
            "availability_zone": "us-west-2a",
            "capacity_reservation_specification": [
              {
                "capacity_reservation_preference": "open",
                "capacity_reservation_target": []
              }
            ],
            "cpu_core_count": 2,
            "cpu_threads_per_core": 1,
            "credit_specification": [
              {
                "cpu_credits": "standard"
              }
            ],
            "disable_api_stop": false,
            "disable_api_termination": false,
            "ebs_block_device": [],
            "ebs_optimized": false,
            "enclave_options": [
              {
                "enabled": false
              }
            ],
            "ephemeral_block_device": [],
            "get_password_data": false,
            "hibernation": false,
            "host_id": null,
            "host_resource_group_arn": null,
            "iam_instance_profile": "",
            "id": "i-0c85772905316353b",
            "instance_initiated_shutdown_behavior": "stop",
            "instance_state": "running",
            "instance_type": "t2.medium",
            "ipv6_address_count": 0,
            "ipv6_addresses": [],
            "key_name": "test-key",
            "launch_template": [],
            "maintenance_options": [
              {
                "auto_recovery": "default"
              }
            ],
            "metadata_options": [
              {
                "http_endpoint": "enabled",
                "http_put_response_hop_limit": 1,
                "http_tokens": "optional",
                "instance_metadata_tags": "disabled"
              }
            ],
            "monitoring": false,
            "network_interface": [],
            "outpost_arn": "",
            "password_data": "",
            "placement_group": "",
            "placement_partition_number": null,
            "primary_network_interface_id": "eni-02e00a10c06752b59",
            "private_dns": "ip-10-0-1-245.us-west-2.compute.internal",
            "private_dns_name_options": [
              {
                "enable_resource_name_dns_a_record": false,
                "enable_resource_name_dns_aaaa_record": false,
                "hostname_type": "ip-name"
              }
            ],
            "private_ip": "10.0.1.245",
            "public_dns": "",
            "public_ip": "18.236.131.3",
            "root_block_device": [
              {
                "delete_on_termination": true,
                "device_name": "/dev/sda1",
                "encrypted": false,
                "iops": 100,
                "kms_key_id": "",
                "tags": {},
                "throughput": 0,
                "volume_id": "vol-024c83cf4c3fdcb8d",
                "volume_size": 10,
                "volume_type": "gp2"
              }
            ],
            "secondary_private_ips": [],
            "security_groups": [],
            "source_dest_check": true,
            "subnet_id": "subnet-0489372a332601a9a",
            "tags": {
              "Name": "JenCont-Docker-Server"
            },
            "tags_all": {
              "Name": "JenCont-Docker-Server"
            },
            "tenancy": "default",
            "timeouts": null,
            "user_data": "1293742a7a02588b325088cbe248b9f6eef5833f",
            "user_data_base64": null,
            "user_data_replace_on_change": false,
            "volume_tags": null,
            "vpc_security_group_ids": [
              "sg-067fca6fa4c80f19c"
            ]
          },
          "sensitive_attributes": [],
          "private": "eyJlMmJmYjczMC1lY2FhLTExZTYtOGY4OC0zNDM2M2JjN2M0YzAiOnsiY3JlYXRlIjo2MDAwMDAwMDAwMDAsImRlbGV0ZSI6MTIwMDAwMDAwMDAwMCwidXBkYXRlIjo2MDAwMDAwMDAwMDB9LCJzY2hlbWFfdmVyc2lvbiI6IjEifQ==",
          "dependencies": [
            "module.dev_securitygroups.aws_security_group.DocJenSona_sg",
            "module.dev_vpc.aws_subnet.JenCont-pub-sn1",
            "module.dev_vpc.aws_vpc.JenCont-vpc",
            "module.keypair.aws_key_pair.JenCont_Key"
          ]
        }
      ]
    },
    {
      "module": "module.dev_instance-ami",
      "mode": "managed",
      "type": "aws_ami_from_instance",
      "name": "instance-ami",
      "provider": "provider[\"registry.terraform.io/hashicorp/aws\"]",
      "instances": [
        {
          "schema_version": 0,
          "attributes": {
            "architecture": "x86_64",
            "arn": "arn:aws:ec2:us-west-2::image/ami-001264ef05696b3b2",
            "boot_mode": "",
            "deprecation_time": "",
            "description": "",
            "ebs_block_device": [
              {
                "delete_on_termination": true,
                "device_name": "/dev/sda1",
                "encrypted": false,
                "iops": 0,
                "outpost_arn": "",
                "snapshot_id": "snap-03fc7713756b89b8d",
                "throughput": 0,
                "volume_size": 10,
                "volume_type": "gp2"
              }
            ],
            "ena_support": true,
            "ephemeral_block_device": [],
            "hypervisor": "xen",
            "id": "ami-001264ef05696b3b2",
            "image_location": "842051480147/docker_host_ami",
            "image_owner_alias": "",
            "image_type": "machine",
            "kernel_id": "",
            "manage_ebs_snapshots": true,
            "name": "docker_host_ami",
            "owner_id": "842051480147",
            "platform": "",
            "platform_details": "Red Hat Enterprise Linux",
            "public": false,
            "ramdisk_id": "",
            "root_device_name": "/dev/sda1",
            "root_snapshot_id": "snap-03fc7713756b89b8d",
            "snapshot_without_reboot": null,
            "source_instance_id": "i-0c85772905316353b",
            "sriov_net_support": "simple",
            "tags": {
              "Name": "docker_host_ami"
            },
            "tags_all": {
              "Name": "docker_host_ami"
            },
            "timeouts": null,
            "tpm_support": "",
            "usage_operation": "RunInstances:0010",
            "virtualization_type": "hvm"
          },
          "sensitive_attributes": [],
          "private": "eyJlMmJmYjczMC1lY2FhLTExZTYtOGY4OC0zNDM2M2JjN2M0YzAiOnsiY3JlYXRlIjoyNDAwMDAwMDAwMDAwLCJkZWxldGUiOjU0MDAwMDAwMDAwMDAsInVwZGF0ZSI6MjQwMDAwMDAwMDAwMH19",
          "dependencies": [
            "module.dev_docker.aws_instance.JenCont-Docker-Server",
            "module.dev_securitygroups.aws_security_group.DocJenSona_sg",
            "module.dev_vpc.aws_subnet.JenCont-pub-sn1",
            "module.dev_vpc.aws_vpc.JenCont-vpc",
            "module.keypair.aws_key_pair.JenCont_Key"
          ]
        }
      ]
    },
    {
      "module": "module.dev_jenkins",
      "mode": "managed",
      "type": "aws_instance",
      "name": "Jenkins-Host",
      "provider": "provider[\"registry.terraform.io/hashicorp/aws\"]",
      "instances": [
        {
          "schema_version": 1,
          "attributes": {
            "ami": "ami-08970fb2e5767e3b8",
            "arn": "arn:aws:ec2:us-west-2:842051480147:instance/i-0ad2eac104b70adc7",
            "associate_public_ip_address": true,
            "availability_zone": "us-west-2a",
            "capacity_reservation_specification": [
              {
                "capacity_reservation_preference": "open",
                "capacity_reservation_target": []
              }
            ],
            "cpu_core_count": 2,
            "cpu_threads_per_core": 1,
            "credit_specification": [
              {
                "cpu_credits": "standard"
              }
            ],
            "disable_api_stop": false,
            "disable_api_termination": false,
            "ebs_block_device": [],
            "ebs_optimized": false,
            "enclave_options": [
              {
                "enabled": false
              }
            ],
            "ephemeral_block_device": [],
            "get_password_data": false,
            "hibernation": false,
            "host_id": null,
            "host_resource_group_arn": null,
            "iam_instance_profile": "",
            "id": "i-0ad2eac104b70adc7",
            "instance_initiated_shutdown_behavior": "stop",
            "instance_state": "running",
            "instance_type": "t2.medium",
            "ipv6_address_count": 0,
            "ipv6_addresses": [],
            "key_name": "test-key",
            "launch_template": [],
            "maintenance_options": [
              {
                "auto_recovery": "default"
              }
            ],
            "metadata_options": [
              {
                "http_endpoint": "enabled",
                "http_put_response_hop_limit": 1,
                "http_tokens": "optional",
                "instance_metadata_tags": "disabled"
              }
            ],
            "monitoring": false,
            "network_interface": [],
            "outpost_arn": "",
            "password_data": "",
            "placement_group": "",
            "placement_partition_number": null,
            "primary_network_interface_id": "eni-0f61b72cb0843b354",
            "private_dns": "ip-10-0-1-78.us-west-2.compute.internal",
            "private_dns_name_options": [
              {
                "enable_resource_name_dns_a_record": false,
                "enable_resource_name_dns_aaaa_record": false,
                "hostname_type": "ip-name"
              }
            ],
            "private_ip": "10.0.1.78",
            "public_dns": "",
            "public_ip": "52.33.36.140",
            "root_block_device": [
              {
                "delete_on_termination": true,
                "device_name": "/dev/sda1",
                "encrypted": false,
                "iops": 100,
                "kms_key_id": "",
                "tags": {},
                "throughput": 0,
                "volume_id": "vol-08b1afcd1edb83e00",
                "volume_size": 10,
                "volume_type": "gp2"
              }
            ],
            "secondary_private_ips": [],
            "security_groups": [],
            "source_dest_check": true,
            "subnet_id": "subnet-0489372a332601a9a",
            "tags": {
              "Name": "Jenkins-Server"
            },
            "tags_all": {
              "Name": "Jenkins-Server"
            },
            "tenancy": "default",
            "timeouts": null,
            "user_data": "99e3cfd1bddfc4b5598892a9595d1cf9d98ea8eb",
            "user_data_base64": null,
            "user_data_replace_on_change": false,
            "volume_tags": null,
            "vpc_security_group_ids": [
              "sg-067fca6fa4c80f19c"
            ]
          },
          "sensitive_attributes": [],
          "private": "eyJlMmJmYjczMC1lY2FhLTExZTYtOGY4OC0zNDM2M2JjN2M0YzAiOnsiY3JlYXRlIjo2MDAwMDAwMDAwMDAsImRlbGV0ZSI6MTIwMDAwMDAwMDAwMCwidXBkYXRlIjo2MDAwMDAwMDAwMDB9LCJzY2hlbWFfdmVyc2lvbiI6IjEifQ==",
          "dependencies": [
            "module.dev_securitygroups.aws_security_group.DocJenSona_sg",
            "module.dev_vpc.aws_subnet.JenCont-pub-sn1",
            "module.dev_vpc.aws_vpc.JenCont-vpc",
            "module.keypair.aws_key_pair.JenCont_Key"
          ]
        }
      ]
    },
    {
      "module": "module.dev_launch_config",
      "mode": "managed",
      "type": "aws_launch_configuration",
      "name": "instance-asg-lc",
      "provider": "provider[\"registry.terraform.io/hashicorp/aws\"]",
      "instances": [
        {
          "schema_version": 0,
          "attributes": {
            "arn": "arn:aws:autoscaling:us-west-2:842051480147:launchConfiguration:2ca11efa-6dff-461d-9d75-29b2379b417c:launchConfigurationName/docker-asg",
            "associate_public_ip_address": true,
            "ebs_block_device": [],
            "ebs_optimized": false,
            "enable_monitoring": true,
            "ephemeral_block_device": [],
            "iam_instance_profile": "",
            "id": "docker-asg",
            "image_id": "ami-001264ef05696b3b2",
            "instance_type": "t2.medium",
            "key_name": "test-key",
            "metadata_options": [],
            "name": "docker-asg",
            "name_prefix": "",
            "placement_tenancy": "",
            "root_block_device": [],
            "security_groups": [
              "sg-067fca6fa4c80f19c"
            ],
            "spot_price": "",
            "user_data": "02465fd980808656911c4f6828d3b72efe2aab21",
            "user_data_base64": null,
            "vpc_classic_link_id": "",
            "vpc_classic_link_security_groups": []
          },
          "sensitive_attributes": [],
          "private": "bnVsbA==",
          "dependencies": [
            "module.dev_docker.aws_instance.JenCont-Docker-Server",
            "module.dev_instance-ami.aws_ami_from_instance.instance-ami",
            "module.dev_securitygroups.aws_security_group.DocJenSona_sg",
            "module.dev_vpc.aws_subnet.JenCont-pub-sn1",
            "module.dev_vpc.aws_vpc.JenCont-vpc",
            "module.keypair.aws_key_pair.JenCont_Key"
          ]
        }
      ]
    },
    {
      "module": "module.dev_loadbalance",
      "mode": "managed",
      "type": "aws_lb",
      "name": "JenContainer-lb",
      "provider": "provider[\"registry.terraform.io/hashicorp/aws\"]",
      "instances": [
        {
          "schema_version": 0,
          "attributes": {
            "access_logs": [
              {
                "bucket": "",
                "enabled": false,
                "prefix": ""
              }
            ],
            "arn": "arn:aws:elasticloadbalancing:us-west-2:842051480147:loadbalancer/app/JenContainer-lb/bd43d1d801832333",
            "arn_suffix": "app/JenContainer-lb/bd43d1d801832333",
            "customer_owned_ipv4_pool": "",
            "desync_mitigation_mode": "defensive",
            "dns_name": "JenContainer-lb-611062737.us-west-2.elb.amazonaws.com",
            "drop_invalid_header_fields": false,
            "enable_cross_zone_load_balancing": null,
            "enable_deletion_protection": false,
            "enable_http2": true,
            "enable_waf_fail_open": false,
            "id": "arn:aws:elasticloadbalancing:us-west-2:842051480147:loadbalancer/app/JenContainer-lb/bd43d1d801832333",
            "idle_timeout": 60,
            "internal": false,
            "ip_address_type": "ipv4",
            "load_balancer_type": "application",
            "name": "JenContainer-lb",
            "name_prefix": null,
            "preserve_host_header": false,
            "security_groups": [
              "sg-067fca6fa4c80f19c"
            ],
            "subnet_mapping": [
              {
                "allocation_id": "",
                "ipv6_address": "",
                "outpost_id": "",
                "private_ipv4_address": "",
                "subnet_id": "subnet-0489372a332601a9a"
              },
              {
                "allocation_id": "",
                "ipv6_address": "",
                "outpost_id": "",
                "private_ipv4_address": "",
                "subnet_id": "subnet-095d75dfab64ecd96"
              }
            ],
            "subnets": [
              "subnet-0489372a332601a9a",
              "subnet-095d75dfab64ecd96"
            ],
            "tags": {},
            "tags_all": {},
            "timeouts": null,
            "vpc_id": "vpc-0d65891110843629c",
            "zone_id": "Z1H1FL5HABSF5"
          },
          "sensitive_attributes": [],
          "private": "eyJlMmJmYjczMC1lY2FhLTExZTYtOGY4OC0zNDM2M2JjN2M0YzAiOnsiY3JlYXRlIjo2MDAwMDAwMDAwMDAsImRlbGV0ZSI6NjAwMDAwMDAwMDAwLCJ1cGRhdGUiOjYwMDAwMDAwMDAwMH19",
          "dependencies": [
            "module.dev_securitygroups.aws_security_group.DocJenSona_sg",
            "module.dev_vpc.aws_subnet.JenCont-pub-sn1",
            "module.dev_vpc.aws_subnet.JenCont-pub-sn2",
            "module.dev_vpc.aws_vpc.JenCont-vpc"
          ]
        }
      ]
    },
    {
      "module": "module.dev_loadbalance",
      "mode": "managed",
      "type": "aws_lb_listener",
      "name": "JenContainer_lb_lisner",
      "provider": "provider[\"registry.terraform.io/hashicorp/aws\"]",
      "instances": [
        {
          "schema_version": 0,
          "attributes": {
            "alpn_policy": null,
            "arn": "arn:aws:elasticloadbalancing:us-west-2:842051480147:listener/app/JenContainer-lb/bd43d1d801832333/d61f1e1563b6f144",
            "certificate_arn": null,
            "default_action": [
              {
                "authenticate_cognito": [],
                "authenticate_oidc": [],
                "fixed_response": [],
                "forward": [],
                "order": 1,
                "redirect": [],
                "target_group_arn": "arn:aws:elasticloadbalancing:us-west-2:842051480147:targetgroup/Jencontainer-tg/76ef8b15cadc40dd",
                "type": "forward"
              }
            ],
            "id": "arn:aws:elasticloadbalancing:us-west-2:842051480147:listener/app/JenContainer-lb/bd43d1d801832333/d61f1e1563b6f144",
            "load_balancer_arn": "arn:aws:elasticloadbalancing:us-west-2:842051480147:loadbalancer/app/JenContainer-lb/bd43d1d801832333",
            "port": 80,
            "protocol": "HTTP",
            "ssl_policy": "",
            "tags": {},
            "tags_all": {},
            "timeouts": null
          },
          "sensitive_attributes": [],
          "private": "eyJlMmJmYjczMC1lY2FhLTExZTYtOGY4OC0zNDM2M2JjN2M0YzAiOnsicmVhZCI6NjAwMDAwMDAwMDAwfX0=",
          "dependencies": [
            "module.dev_loadbalance.aws_lb.JenContainer-lb",
            "module.dev_loadbalance.aws_lb_target_group.Jencontainer-tg",
            "module.dev_securitygroups.aws_security_group.DocJenSona_sg",
            "module.dev_vpc.aws_subnet.JenCont-pub-sn1",
            "module.dev_vpc.aws_subnet.JenCont-pub-sn2",
            "module.dev_vpc.aws_vpc.JenCont-vpc"
          ]
        }
      ]
    },
    {
      "module": "module.dev_loadbalance",
      "mode": "managed",
      "type": "aws_lb_target_group",
      "name": "Jencontainer-tg",
      "provider": "provider[\"registry.terraform.io/hashicorp/aws\"]",
      "instances": [
        {
          "schema_version": 0,
          "attributes": {
            "arn": "arn:aws:elasticloadbalancing:us-west-2:842051480147:targetgroup/Jencontainer-tg/76ef8b15cadc40dd",
            "arn_suffix": "targetgroup/Jencontainer-tg/76ef8b15cadc40dd",
            "connection_termination": false,
            "deregistration_delay": "300",
            "health_check": [
              {
                "enabled": true,
                "healthy_threshold": 2,
                "interval": 30,
                "matcher": "200",
                "path": "/",
                "port": "traffic-port",
                "protocol": "HTTP",
                "timeout": 3,
                "unhealthy_threshold": 2
              }
            ],
            "id": "arn:aws:elasticloadbalancing:us-west-2:842051480147:targetgroup/Jencontainer-tg/76ef8b15cadc40dd",
            "ip_address_type": null,
            "lambda_multi_value_headers_enabled": false,
            "load_balancing_algorithm_type": "round_robin",
            "name": "Jencontainer-tg",
            "name_prefix": null,
            "port": 8080,
            "preserve_client_ip": null,
            "protocol": "HTTP",
            "protocol_version": "HTTP1",
            "proxy_protocol_v2": false,
            "slow_start": 0,
            "stickiness": [
              {
                "cookie_duration": 86400,
                "cookie_name": "",
                "enabled": false,
                "type": "lb_cookie"
              }
            ],
            "tags": {},
            "tags_all": {},
            "target_type": "instance",
            "vpc_id": "vpc-0d65891110843629c"
          },
          "sensitive_attributes": [],
          "private": "bnVsbA==",
          "dependencies": [
            "module.dev_vpc.aws_vpc.JenCont-vpc"
          ]
        }
      ]
    },
    {
      "module": "module.dev_loadbalance",
      "mode": "managed",
      "type": "aws_lb_target_group_attachment",
      "name": "PEP_attachmenet_TG",
      "provider": "provider[\"registry.terraform.io/hashicorp/aws\"]",
      "instances": [
        {
          "schema_version": 0,
          "attributes": {
            "availability_zone": null,
            "id": "arn:aws:elasticloadbalancing:us-west-2:842051480147:targetgroup/Jencontainer-tg/76ef8b15cadc40dd-20221010092231085100000001",
            "port": 8080,
            "target_group_arn": "arn:aws:elasticloadbalancing:us-west-2:842051480147:targetgroup/Jencontainer-tg/76ef8b15cadc40dd",
            "target_id": "i-0c85772905316353b"
          },
          "sensitive_attributes": [],
          "private": "bnVsbA==",
          "dependencies": [
            "module.dev_docker.aws_instance.JenCont-Docker-Server",
            "module.dev_loadbalance.aws_lb_target_group.Jencontainer-tg",
            "module.dev_securitygroups.aws_security_group.DocJenSona_sg",
            "module.dev_vpc.aws_subnet.JenCont-pub-sn1",
            "module.dev_vpc.aws_vpc.JenCont-vpc",
            "module.keypair.aws_key_pair.JenCont_Key"
          ]
        }
      ]
    },
    {
      "module": "module.dev_route53",
      "mode": "managed",
      "type": "aws_route53_record",
      "name": "JenCont-www",
      "provider": "provider[\"registry.terraform.io/hashicorp/aws\"]",
      "instances": [
        {
          "schema_version": 2,
          "attributes": {
            "alias": [
              {
                "evaluate_target_health": true,
                "name": "jencontainer-lb-611062737.us-west-2.elb.amazonaws.com",
                "zone_id": "Z1H1FL5HABSF5"
              }
            ],
            "allow_overwrite": null,
            "failover_routing_policy": [],
            "fqdn": "daiconapp.com",
            "geolocation_routing_policy": [],
            "health_check_id": "",
            "id": "Z03639882XBY5G14JMO1J_daiconapp.com_A",
            "latency_routing_policy": [],
            "multivalue_answer_routing_policy": null,
            "name": "daiconapp.com",
            "records": [],
            "set_identifier": "",
            "ttl": 0,
            "type": "A",
            "weighted_routing_policy": [],
            "zone_id": "Z03639882XBY5G14JMO1J"
          },
          "sensitive_attributes": [],
          "private": "eyJzY2hlbWFfdmVyc2lvbiI6IjIifQ==",
          "dependencies": [
            "module.dev_loadbalance.aws_lb.JenContainer-lb",
            "module.dev_route53.aws_route53_zone.JenCont-zone",
            "module.dev_securitygroups.aws_security_group.DocJenSona_sg",
            "module.dev_vpc.aws_subnet.JenCont-pub-sn1",
            "module.dev_vpc.aws_subnet.JenCont-pub-sn2",
            "module.dev_vpc.aws_vpc.JenCont-vpc"
          ]
        }
      ]
    },
    {
      "module": "module.dev_route53",
      "mode": "managed",
      "type": "aws_route53_zone",
      "name": "JenCont-zone",
      "provider": "provider[\"registry.terraform.io/hashicorp/aws\"]",
      "instances": [
        {
          "schema_version": 0,
          "attributes": {
            "arn": "arn:aws:route53:::hostedzone/Z03639882XBY5G14JMO1J",
            "comment": "Managed by Terraform",
            "delegation_set_id": "",
            "force_destroy": true,
            "id": "Z03639882XBY5G14JMO1J",
            "name": "daiconapp.com",
            "name_servers": [
              "ns-1483.awsdns-57.org",
              "ns-1578.awsdns-05.co.uk",
              "ns-278.awsdns-34.com",
              "ns-880.awsdns-46.net"
            ],
            "tags": {},
            "tags_all": {},
            "vpc": [],
            "zone_id": "Z03639882XBY5G14JMO1J"
          },
          "sensitive_attributes": [],
          "private": "bnVsbA=="
        }
      ]
    },
    {
      "module": "module.dev_securitygroups",
      "mode": "managed",
      "type": "aws_security_group",
      "name": "DocJenSona_sg",
      "provider": "provider[\"registry.terraform.io/hashicorp/aws\"]",
      "instances": [
        {
          "schema_version": 1,
          "attributes": {
            "arn": "arn:aws:ec2:us-west-2:842051480147:security-group/sg-067fca6fa4c80f19c",
            "description": "Managed by Terraform",
            "egress": [
              {
                "cidr_blocks": [
                  "0.0.0.0/0"
                ],
                "description": "",
                "from_port": 0,
                "ipv6_cidr_blocks": [],
                "prefix_list_ids": [],
                "protocol": "-1",
                "security_groups": [],
                "self": false,
                "to_port": 0
              }
            ],
            "id": "sg-067fca6fa4c80f19c",
            "ingress": [
              {
                "cidr_blocks": [
                  "0.0.0.0/0"
                ],
                "description": "",
                "from_port": 8080,
                "ipv6_cidr_blocks": [],
                "prefix_list_ids": [],
                "protocol": "tcp",
                "security_groups": [],
                "self": false,
                "to_port": 8080
              },
              {
                "cidr_blocks": [
                  "0.0.0.0/0"
                ],
                "description": "",
                "from_port": 80,
                "ipv6_cidr_blocks": [],
                "prefix_list_ids": [],
                "protocol": "tcp",
                "security_groups": [],
                "self": false,
                "to_port": 80
              },
              {
                "cidr_blocks": [
                  "0.0.0.0/0"
                ],
                "description": "",
                "from_port": 9000,
                "ipv6_cidr_blocks": [],
                "prefix_list_ids": [],
                "protocol": "tcp",
                "security_groups": [],
                "self": false,
                "to_port": 9000
              },
              {
                "cidr_blocks": [
                  "0.0.0.0/0"
                ],
                "description": "Allow all traffic",
                "from_port": 0,
                "ipv6_cidr_blocks": [],
                "prefix_list_ids": [],
                "protocol": "-1",
                "security_groups": [],
                "self": false,
                "to_port": 0
              },
              {
                "cidr_blocks": [
                  "10.0.0.0/16"
                ],
                "description": "",
                "from_port": 22,
                "ipv6_cidr_blocks": [],
                "prefix_list_ids": [],
                "protocol": "tcp",
                "security_groups": [],
                "self": false,
                "to_port": 22
              }
            ],
            "name": "DocJenSona_sg",
            "name_prefix": "",
            "owner_id": "842051480147",
            "revoke_rules_on_delete": false,
            "tags": {
              "Name": "DocJenSona_sg"
            },
            "tags_all": {
              "Name": "DocJenSona_sg"
            },
            "timeouts": null,
            "vpc_id": "vpc-0d65891110843629c"
          },
          "sensitive_attributes": [],
          "private": "eyJlMmJmYjczMC1lY2FhLTExZTYtOGY4OC0zNDM2M2JjN2M0YzAiOnsiY3JlYXRlIjo2MDAwMDAwMDAwMDAsImRlbGV0ZSI6OTAwMDAwMDAwMDAwfSwic2NoZW1hX3ZlcnNpb24iOiIxIn0=",
          "dependencies": [
            "module.dev_vpc.aws_vpc.JenCont-vpc"
          ]
        }
      ]
    },
    {
      "module": "module.dev_sonarQube",
      "mode": "managed",
      "type": "aws_instance",
      "name": "sonarQube-Host",
      "provider": "provider[\"registry.terraform.io/hashicorp/aws\"]",
      "instances": [
        {
          "schema_version": 1,
          "attributes": {
            "ami": "ami-08970fb2e5767e3b8",
            "arn": "arn:aws:ec2:us-west-2:842051480147:instance/i-03a97f651e0588980",
            "associate_public_ip_address": true,
            "availability_zone": "us-west-2b",
            "capacity_reservation_specification": [
              {
                "capacity_reservation_preference": "open",
                "capacity_reservation_target": []
              }
            ],
            "cpu_core_count": 2,
            "cpu_threads_per_core": 1,
            "credit_specification": [
              {
                "cpu_credits": "standard"
              }
            ],
            "disable_api_stop": false,
            "disable_api_termination": false,
            "ebs_block_device": [],
            "ebs_optimized": false,
            "enclave_options": [
              {
                "enabled": false
              }
            ],
            "ephemeral_block_device": [],
            "get_password_data": false,
            "hibernation": false,
            "host_id": null,
            "host_resource_group_arn": null,
            "iam_instance_profile": "",
            "id": "i-03a97f651e0588980",
            "instance_initiated_shutdown_behavior": "stop",
            "instance_state": "running",
            "instance_type": "t2.medium",
            "ipv6_address_count": 0,
            "ipv6_addresses": [],
            "key_name": "test-key",
            "launch_template": [],
            "maintenance_options": [
              {
                "auto_recovery": "default"
              }
            ],
            "metadata_options": [
              {
                "http_endpoint": "enabled",
                "http_put_response_hop_limit": 1,
                "http_tokens": "optional",
                "instance_metadata_tags": "disabled"
              }
            ],
            "monitoring": false,
            "network_interface": [],
            "outpost_arn": "",
            "password_data": "",
            "placement_group": "",
            "placement_partition_number": null,
            "primary_network_interface_id": "eni-07de4f29e865fe15b",
            "private_dns": "ip-10-0-2-174.us-west-2.compute.internal",
            "private_dns_name_options": [
              {
                "enable_resource_name_dns_a_record": false,
                "enable_resource_name_dns_aaaa_record": false,
                "hostname_type": "ip-name"
              }
            ],
            "private_ip": "10.0.2.174",
            "public_dns": "",
            "public_ip": "35.88.179.70",
            "root_block_device": [
              {
                "delete_on_termination": true,
                "device_name": "/dev/sda1",
                "encrypted": false,
                "iops": 100,
                "kms_key_id": "",
                "tags": {},
                "throughput": 0,
                "volume_id": "vol-06dadab754b03d8a6",
                "volume_size": 10,
                "volume_type": "gp2"
              }
            ],
            "secondary_private_ips": [],
            "security_groups": [],
            "source_dest_check": true,
            "subnet_id": "subnet-095d75dfab64ecd96",
            "tags": {
              "Name": "sonarQube-Server"
            },
            "tags_all": {
              "Name": "sonarQube-Server"
            },
            "tenancy": "default",
            "timeouts": null,
            "user_data": "1024283d85f1e789857c231b54b9611fbf5c394b",
            "user_data_base64": null,
            "user_data_replace_on_change": false,
            "volume_tags": null,
            "vpc_security_group_ids": [
              "sg-067fca6fa4c80f19c"
            ]
          },
          "sensitive_attributes": [],
          "private": "eyJlMmJmYjczMC1lY2FhLTExZTYtOGY4OC0zNDM2M2JjN2M0YzAiOnsiY3JlYXRlIjo2MDAwMDAwMDAwMDAsImRlbGV0ZSI6MTIwMDAwMDAwMDAwMCwidXBkYXRlIjo2MDAwMDAwMDAwMDB9LCJzY2hlbWFfdmVyc2lvbiI6IjEifQ==",
          "dependencies": [
            "module.dev_securitygroups.aws_security_group.DocJenSona_sg",
            "module.dev_vpc.aws_subnet.JenCont-pub-sn2",
            "module.dev_vpc.aws_vpc.JenCont-vpc"
          ]
        }
      ]
    },
    {
      "module": "module.dev_vpc",
      "mode": "managed",
      "type": "aws_eip",
      "name": "JenCont_EIP",
      "provider": "provider[\"registry.terraform.io/hashicorp/aws\"]",
      "instances": [
        {
          "schema_version": 0,
          "attributes": {
            "address": null,
            "allocation_id": "eipalloc-0577e48e5f29c655e",
            "associate_with_private_ip": null,
            "association_id": "eipassoc-09f8ae6e9ef3cc1fb",
            "carrier_ip": "",
            "customer_owned_ip": "",
            "customer_owned_ipv4_pool": "",
            "domain": "vpc",
            "id": "eipalloc-0577e48e5f29c655e",
            "instance": "",
            "network_border_group": "us-west-2",
            "network_interface": "eni-0fe6d38bba6c57443",
            "private_dns": "ip-10-0-1-180.us-west-2.compute.internal",
            "private_ip": "10.0.1.180",
            "public_dns": "ec2-52-89-6-148.us-west-2.compute.amazonaws.com",
            "public_ip": "52.89.6.148",
            "public_ipv4_pool": "amazon",
            "tags": {},
            "tags_all": {},
            "timeouts": null,
            "vpc": true
          },
          "sensitive_attributes": [],
          "private": "eyJlMmJmYjczMC1lY2FhLTExZTYtOGY4OC0zNDM2M2JjN2M0YzAiOnsiZGVsZXRlIjoxODAwMDAwMDAwMDAsInJlYWQiOjkwMDAwMDAwMDAwMCwidXBkYXRlIjozMDAwMDAwMDAwMDB9fQ==",
          "dependencies": [
            "module.dev_vpc.aws_internet_gateway.JenCont-igw",
            "module.dev_vpc.aws_vpc.JenCont-vpc"
          ]
        }
      ]
    },
    {
      "module": "module.dev_vpc",
      "mode": "managed",
      "type": "aws_internet_gateway",
      "name": "JenCont-igw",
      "provider": "provider[\"registry.terraform.io/hashicorp/aws\"]",
      "instances": [
        {
          "schema_version": 0,
          "attributes": {
            "arn": "arn:aws:ec2:us-west-2:842051480147:internet-gateway/igw-0cd78a1e636ab3b88",
            "id": "igw-0cd78a1e636ab3b88",
            "owner_id": "842051480147",
            "tags": {
              "Name": "JenCont-igw"
            },
            "tags_all": {
              "Name": "JenCont-igw"
            },
            "timeouts": null,
            "vpc_id": "vpc-0d65891110843629c"
          },
          "sensitive_attributes": [],
          "private": "eyJlMmJmYjczMC1lY2FhLTExZTYtOGY4OC0zNDM2M2JjN2M0YzAiOnsiY3JlYXRlIjoxMjAwMDAwMDAwMDAwLCJkZWxldGUiOjEyMDAwMDAwMDAwMDAsInVwZGF0ZSI6MTIwMDAwMDAwMDAwMH19",
          "dependencies": [
            "module.dev_vpc.aws_vpc.JenCont-vpc"
          ]
        }
      ]
    },
    {
      "module": "module.dev_vpc",
      "mode": "managed",
      "type": "aws_nat_gateway",
      "name": "JenCont_NAT_GW",
      "provider": "provider[\"registry.terraform.io/hashicorp/aws\"]",
      "instances": [
        {
          "schema_version": 0,
          "attributes": {
            "allocation_id": "eipalloc-0577e48e5f29c655e",
            "connectivity_type": "public",
            "id": "nat-098d0ab1490cc4b81",
            "network_interface_id": "eni-0fe6d38bba6c57443",
            "private_ip": "10.0.1.180",
            "public_ip": "52.89.6.148",
            "subnet_id": "subnet-0489372a332601a9a",
            "tags": {
              "Name": "JenCont_NAT_GW"
            },
            "tags_all": {
              "Name": "JenCont_NAT_GW"
            }
          },
          "sensitive_attributes": [],
          "private": "bnVsbA==",
          "dependencies": [
            "module.dev_vpc.aws_eip.JenCont_EIP",
            "module.dev_vpc.aws_internet_gateway.JenCont-igw",
            "module.dev_vpc.aws_subnet.JenCont-pub-sn1",
            "module.dev_vpc.aws_vpc.JenCont-vpc"
          ]
        }
      ]
    },
    {
      "module": "module.dev_vpc",
      "mode": "managed",
      "type": "aws_route_table",
      "name": "JenCont_PRV_SN_RT",
      "provider": "provider[\"registry.terraform.io/hashicorp/aws\"]",
      "instances": [
        {
          "schema_version": 0,
          "attributes": {
            "arn": "arn:aws:ec2:us-west-2:842051480147:route-table/rtb-010a15250a87241de",
            "id": "rtb-010a15250a87241de",
            "owner_id": "842051480147",
            "propagating_vgws": [],
            "route": [
              {
                "carrier_gateway_id": "",
                "cidr_block": "0.0.0.0/0",
                "core_network_arn": "",
                "destination_prefix_list_id": "",
                "egress_only_gateway_id": "",
                "gateway_id": "nat-098d0ab1490cc4b81",
                "instance_id": "",
                "ipv6_cidr_block": "",
                "local_gateway_id": "",
                "nat_gateway_id": "",
                "network_interface_id": "",
                "transit_gateway_id": "",
                "vpc_endpoint_id": "",
                "vpc_peering_connection_id": ""
              }
            ],
            "tags": {
              "Name": "JenCont_PRV_SN_RT"
            },
            "tags_all": {
              "Name": "JenCont_PRV_SN_RT"
            },
            "timeouts": null,
            "vpc_id": "vpc-0d65891110843629c"
          },
          "sensitive_attributes": [],
          "private": "eyJlMmJmYjczMC1lY2FhLTExZTYtOGY4OC0zNDM2M2JjN2M0YzAiOnsiY3JlYXRlIjozMDAwMDAwMDAwMDAsImRlbGV0ZSI6MzAwMDAwMDAwMDAwLCJ1cGRhdGUiOjEyMDAwMDAwMDAwMH19",
          "dependencies": [
            "module.dev_vpc.aws_nat_gateway.JenCont_NAT_GW",
            "module.dev_vpc.aws_vpc.JenCont-vpc"
          ]
        }
      ]
    },
    {
      "module": "module.dev_vpc",
      "mode": "managed",
      "type": "aws_route_table",
      "name": "JenCont_PUB_SN_RT",
      "provider": "provider[\"registry.terraform.io/hashicorp/aws\"]",
      "instances": [
        {
          "schema_version": 0,
          "attributes": {
            "arn": "arn:aws:ec2:us-west-2:842051480147:route-table/rtb-09cbf5210f9e8904b",
            "id": "rtb-09cbf5210f9e8904b",
            "owner_id": "842051480147",
            "propagating_vgws": [],
            "route": [
              {
                "carrier_gateway_id": "",
                "cidr_block": "0.0.0.0/0",
                "core_network_arn": "",
                "destination_prefix_list_id": "",
                "egress_only_gateway_id": "",
                "gateway_id": "igw-0cd78a1e636ab3b88",
                "instance_id": "",
                "ipv6_cidr_block": "",
                "local_gateway_id": "",
                "nat_gateway_id": "",
                "network_interface_id": "",
                "transit_gateway_id": "",
                "vpc_endpoint_id": "",
                "vpc_peering_connection_id": ""
              }
            ],
            "tags": {
              "Name": "JenCont_PUB_SN_RT"
            },
            "tags_all": {
              "Name": "JenCont_PUB_SN_RT"
            },
            "timeouts": null,
            "vpc_id": "vpc-0d65891110843629c"
          },
          "sensitive_attributes": [],
          "private": "eyJlMmJmYjczMC1lY2FhLTExZTYtOGY4OC0zNDM2M2JjN2M0YzAiOnsiY3JlYXRlIjozMDAwMDAwMDAwMDAsImRlbGV0ZSI6MzAwMDAwMDAwMDAwLCJ1cGRhdGUiOjEyMDAwMDAwMDAwMH19",
          "dependencies": [
            "module.dev_vpc.aws_internet_gateway.JenCont-igw",
            "module.dev_vpc.aws_vpc.JenCont-vpc"
          ]
        }
      ]
    },
    {
      "module": "module.dev_vpc",
      "mode": "managed",
      "type": "aws_route_table_association",
      "name": "a",
      "provider": "provider[\"registry.terraform.io/hashicorp/aws\"]",
      "instances": [
        {
          "schema_version": 0,
          "attributes": {
            "gateway_id": "",
            "id": "rtbassoc-0021977153cad94df",
            "route_table_id": "rtb-09cbf5210f9e8904b",
            "subnet_id": "subnet-0489372a332601a9a"
          },
          "sensitive_attributes": [],
          "private": "bnVsbA==",
          "dependencies": [
            "module.dev_vpc.aws_internet_gateway.JenCont-igw",
            "module.dev_vpc.aws_route_table.JenCont_PUB_SN_RT",
            "module.dev_vpc.aws_subnet.JenCont-pub-sn1",
            "module.dev_vpc.aws_vpc.JenCont-vpc"
          ]
        }
      ]
    },
    {
      "module": "module.dev_vpc",
      "mode": "managed",
      "type": "aws_route_table_association",
      "name": "b",
      "provider": "provider[\"registry.terraform.io/hashicorp/aws\"]",
      "instances": [
        {
          "schema_version": 0,
          "attributes": {
            "gateway_id": "",
            "id": "rtbassoc-0de656ecc11897a87",
            "route_table_id": "rtb-010a15250a87241de",
            "subnet_id": "subnet-01f7cd46eb466d8e4"
          },
          "sensitive_attributes": [],
          "private": "bnVsbA==",
          "dependencies": [
            "module.dev_vpc.aws_eip.JenCont_EIP",
            "module.dev_vpc.aws_internet_gateway.JenCont-igw",
            "module.dev_vpc.aws_nat_gateway.JenCont_NAT_GW",
            "module.dev_vpc.aws_route_table.JenCont_PRV_SN_RT",
            "module.dev_vpc.aws_subnet.JenCont-prv-sn1",
            "module.dev_vpc.aws_subnet.JenCont-pub-sn1",
            "module.dev_vpc.aws_vpc.JenCont-vpc"
          ]
        }
      ]
    },
    {
      "module": "module.dev_vpc",
      "mode": "managed",
      "type": "aws_route_table_association",
      "name": "c",
      "provider": "provider[\"registry.terraform.io/hashicorp/aws\"]",
      "instances": [
        {
          "schema_version": 0,
          "attributes": {
            "gateway_id": "",
            "id": "rtbassoc-09d141dabadba47dd",
            "route_table_id": "rtb-09cbf5210f9e8904b",
            "subnet_id": "subnet-095d75dfab64ecd96"
          },
          "sensitive_attributes": [],
          "private": "bnVsbA==",
          "dependencies": [
            "module.dev_vpc.aws_internet_gateway.JenCont-igw",
            "module.dev_vpc.aws_route_table.JenCont_PUB_SN_RT",
            "module.dev_vpc.aws_subnet.JenCont-pub-sn2",
            "module.dev_vpc.aws_vpc.JenCont-vpc"
          ]
        }
      ]
    },
    {
      "module": "module.dev_vpc",
      "mode": "managed",
      "type": "aws_route_table_association",
      "name": "d",
      "provider": "provider[\"registry.terraform.io/hashicorp/aws\"]",
      "instances": [
        {
          "schema_version": 0,
          "attributes": {
            "gateway_id": "",
            "id": "rtbassoc-046731689e7d10e2c",
            "route_table_id": "rtb-010a15250a87241de",
            "subnet_id": "subnet-02040ab78ab3e51ec"
          },
          "sensitive_attributes": [],
          "private": "bnVsbA==",
          "dependencies": [
            "module.dev_vpc.aws_eip.JenCont_EIP",
            "module.dev_vpc.aws_internet_gateway.JenCont-igw",
            "module.dev_vpc.aws_nat_gateway.JenCont_NAT_GW",
            "module.dev_vpc.aws_route_table.JenCont_PRV_SN_RT",
            "module.dev_vpc.aws_subnet.JenCont-prv-sn2",
            "module.dev_vpc.aws_subnet.JenCont-pub-sn1",
            "module.dev_vpc.aws_vpc.JenCont-vpc"
          ]
        }
      ]
    },
    {
      "module": "module.dev_vpc",
      "mode": "managed",
      "type": "aws_subnet",
      "name": "JenCont-prv-sn1",
      "provider": "provider[\"registry.terraform.io/hashicorp/aws\"]",
      "instances": [
        {
          "schema_version": 1,
          "attributes": {
            "arn": "arn:aws:ec2:us-west-2:842051480147:subnet/subnet-01f7cd46eb466d8e4",
            "assign_ipv6_address_on_creation": false,
            "availability_zone": "us-west-2a",
            "availability_zone_id": "usw2-az1",
            "cidr_block": "10.0.3.0/24",
            "customer_owned_ipv4_pool": "",
            "enable_dns64": false,
            "enable_resource_name_dns_a_record_on_launch": false,
            "enable_resource_name_dns_aaaa_record_on_launch": false,
            "id": "subnet-01f7cd46eb466d8e4",
            "ipv6_cidr_block": "",
            "ipv6_cidr_block_association_id": "",
            "ipv6_native": false,
            "map_customer_owned_ip_on_launch": false,
            "map_public_ip_on_launch": false,
            "outpost_arn": "",
            "owner_id": "842051480147",
            "private_dns_hostname_type_on_launch": "ip-name",
            "tags": {
              "Name": "JenCont-prv_sn1"
            },
            "tags_all": {
              "Name": "JenCont-prv_sn1"
            },
            "timeouts": null,
            "vpc_id": "vpc-0d65891110843629c"
          },
          "sensitive_attributes": [],
          "private": "eyJlMmJmYjczMC1lY2FhLTExZTYtOGY4OC0zNDM2M2JjN2M0YzAiOnsiY3JlYXRlIjo2MDAwMDAwMDAwMDAsImRlbGV0ZSI6MTIwMDAwMDAwMDAwMH0sInNjaGVtYV92ZXJzaW9uIjoiMSJ9",
          "dependencies": [
            "module.dev_vpc.aws_vpc.JenCont-vpc"
          ]
        }
      ]
    },
    {
      "module": "module.dev_vpc",
      "mode": "managed",
      "type": "aws_subnet",
      "name": "JenCont-prv-sn2",
      "provider": "provider[\"registry.terraform.io/hashicorp/aws\"]",
      "instances": [
        {
          "schema_version": 1,
          "attributes": {
            "arn": "arn:aws:ec2:us-west-2:842051480147:subnet/subnet-02040ab78ab3e51ec",
            "assign_ipv6_address_on_creation": false,
            "availability_zone": "us-west-2b",
            "availability_zone_id": "usw2-az2",
            "cidr_block": "10.0.4.0/24",
            "customer_owned_ipv4_pool": "",
            "enable_dns64": false,
            "enable_resource_name_dns_a_record_on_launch": false,
            "enable_resource_name_dns_aaaa_record_on_launch": false,
            "id": "subnet-02040ab78ab3e51ec",
            "ipv6_cidr_block": "",
            "ipv6_cidr_block_association_id": "",
            "ipv6_native": false,
            "map_customer_owned_ip_on_launch": false,
            "map_public_ip_on_launch": false,
            "outpost_arn": "",
            "owner_id": "842051480147",
            "private_dns_hostname_type_on_launch": "ip-name",
            "tags": {
              "Name": "JenCont-prv_sn2"
            },
            "tags_all": {
              "Name": "JenCont-prv_sn2"
            },
            "timeouts": null,
            "vpc_id": "vpc-0d65891110843629c"
          },
          "sensitive_attributes": [],
          "private": "eyJlMmJmYjczMC1lY2FhLTExZTYtOGY4OC0zNDM2M2JjN2M0YzAiOnsiY3JlYXRlIjo2MDAwMDAwMDAwMDAsImRlbGV0ZSI6MTIwMDAwMDAwMDAwMH0sInNjaGVtYV92ZXJzaW9uIjoiMSJ9",
          "dependencies": [
            "module.dev_vpc.aws_vpc.JenCont-vpc"
          ]
        }
      ]
    },
    {
      "module": "module.dev_vpc",
      "mode": "managed",
      "type": "aws_subnet",
      "name": "JenCont-pub-sn1",
      "provider": "provider[\"registry.terraform.io/hashicorp/aws\"]",
      "instances": [
        {
          "schema_version": 1,
          "attributes": {
            "arn": "arn:aws:ec2:us-west-2:842051480147:subnet/subnet-0489372a332601a9a",
            "assign_ipv6_address_on_creation": false,
            "availability_zone": "us-west-2a",
            "availability_zone_id": "usw2-az1",
            "cidr_block": "10.0.1.0/24",
            "customer_owned_ipv4_pool": "",
            "enable_dns64": false,
            "enable_resource_name_dns_a_record_on_launch": false,
            "enable_resource_name_dns_aaaa_record_on_launch": false,
            "id": "subnet-0489372a332601a9a",
            "ipv6_cidr_block": "",
            "ipv6_cidr_block_association_id": "",
            "ipv6_native": false,
            "map_customer_owned_ip_on_launch": false,
            "map_public_ip_on_launch": false,
            "outpost_arn": "",
            "owner_id": "842051480147",
            "private_dns_hostname_type_on_launch": "ip-name",
            "tags": {
              "Name": "JenCont-pub_sn1"
            },
            "tags_all": {
              "Name": "JenCont-pub_sn1"
            },
            "timeouts": null,
            "vpc_id": "vpc-0d65891110843629c"
          },
          "sensitive_attributes": [],
          "private": "eyJlMmJmYjczMC1lY2FhLTExZTYtOGY4OC0zNDM2M2JjN2M0YzAiOnsiY3JlYXRlIjo2MDAwMDAwMDAwMDAsImRlbGV0ZSI6MTIwMDAwMDAwMDAwMH0sInNjaGVtYV92ZXJzaW9uIjoiMSJ9",
          "dependencies": [
            "module.dev_vpc.aws_vpc.JenCont-vpc"
          ]
        }
      ]
    },
    {
      "module": "module.dev_vpc",
      "mode": "managed",
      "type": "aws_subnet",
      "name": "JenCont-pub-sn2",
      "provider": "provider[\"registry.terraform.io/hashicorp/aws\"]",
      "instances": [
        {
          "schema_version": 1,
          "attributes": {
            "arn": "arn:aws:ec2:us-west-2:842051480147:subnet/subnet-095d75dfab64ecd96",
            "assign_ipv6_address_on_creation": false,
            "availability_zone": "us-west-2b",
            "availability_zone_id": "usw2-az2",
            "cidr_block": "10.0.2.0/24",
            "customer_owned_ipv4_pool": "",
            "enable_dns64": false,
            "enable_resource_name_dns_a_record_on_launch": false,
            "enable_resource_name_dns_aaaa_record_on_launch": false,
            "id": "subnet-095d75dfab64ecd96",
            "ipv6_cidr_block": "",
            "ipv6_cidr_block_association_id": "",
            "ipv6_native": false,
            "map_customer_owned_ip_on_launch": false,
            "map_public_ip_on_launch": false,
            "outpost_arn": "",
            "owner_id": "842051480147",
            "private_dns_hostname_type_on_launch": "ip-name",
            "tags": {
              "Name": "JenCont-pub_sn2"
            },
            "tags_all": {
              "Name": "JenCont-pub_sn2"
            },
            "timeouts": null,
            "vpc_id": "vpc-0d65891110843629c"
          },
          "sensitive_attributes": [],
          "private": "eyJlMmJmYjczMC1lY2FhLTExZTYtOGY4OC0zNDM2M2JjN2M0YzAiOnsiY3JlYXRlIjo2MDAwMDAwMDAwMDAsImRlbGV0ZSI6MTIwMDAwMDAwMDAwMH0sInNjaGVtYV92ZXJzaW9uIjoiMSJ9",
          "dependencies": [
            "module.dev_vpc.aws_vpc.JenCont-vpc"
          ]
        }
      ]
    },
    {
      "module": "module.dev_vpc",
      "mode": "managed",
      "type": "aws_vpc",
      "name": "JenCont-vpc",
      "provider": "provider[\"registry.terraform.io/hashicorp/aws\"]",
      "instances": [
        {
          "schema_version": 1,
          "attributes": {
            "arn": "arn:aws:ec2:us-west-2:842051480147:vpc/vpc-0d65891110843629c",
            "assign_generated_ipv6_cidr_block": false,
            "cidr_block": "10.0.0.0/16",
            "default_network_acl_id": "acl-09d8f743066a36e7d",
            "default_route_table_id": "rtb-0dd67026b90afcebd",
            "default_security_group_id": "sg-01d340b809344c92f",
            "dhcp_options_id": "dopt-0bf73da7cd25a7117",
            "enable_classiclink": false,
            "enable_classiclink_dns_support": false,
            "enable_dns_hostnames": false,
            "enable_dns_support": true,
            "id": "vpc-0d65891110843629c",
            "instance_tenancy": "default",
            "ipv4_ipam_pool_id": null,
            "ipv4_netmask_length": null,
            "ipv6_association_id": "",
            "ipv6_cidr_block": "",
            "ipv6_cidr_block_network_border_group": "",
            "ipv6_ipam_pool_id": "",
            "ipv6_netmask_length": 0,
            "main_route_table_id": "rtb-0dd67026b90afcebd",
            "owner_id": "842051480147",
            "tags": {
              "Name": "JenCont"
            },
            "tags_all": {
              "Name": "JenCont"
            }
          },
          "sensitive_attributes": [],
          "private": "eyJzY2hlbWFfdmVyc2lvbiI6IjEifQ=="
        }
      ]
    },
    {
      "module": "module.keypair",
      "mode": "managed",
      "type": "aws_key_pair",
      "name": "JenCont_Key",
      "provider": "provider[\"registry.terraform.io/hashicorp/aws\"]",
      "instances": [
        {
          "schema_version": 1,
          "attributes": {
            "arn": "arn:aws:ec2:us-west-2:842051480147:key-pair/test-key",
            "fingerprint": "4c:74:4b:c0:a1:f8:9e:0e:66:77:71:dc:6d:da:d6:bd",
            "id": "test-key",
            "key_name": "test-key",
            "key_name_prefix": "",
            "key_pair_id": "key-0398a21dd2b714c7e",
            "key_type": "rsa",
            "public_key": "ssh-rsa AAAAB3NzaC1yc2EAAAADAQABAAABgQDMHRz9cN4KkdCif7wCd+aS99ElmSotWoAhpiI7Kvd2xWRnXuNJY39R2+4zplr8UBYIiMgeNM8IZHGSqBHtSBYHObEvPhiLvzpI/qlnzsNmR3VESnIb+CVe+pIVz4uCjPbFLDr6fCcmEPzySrZD7w45sapxSW2SFNg3srfzft7sqKYqLBXscGJVdPtzdhAmUKVx1xcSM12+URCwsC/XE68QCsjSx41yOrEzv3F6M0Fc/HZNIovSQxj4/MjdOTY+RTiG9W2v7BWG1fDoms7AL+fevktVW5we8Icx69O2kS/uERLIzu60+lsxFpBaVXif4cHXbORF7yOijzll7vnWfDxyrSGC8l7d1fC8sW1DeLl+c3xsWZmAcR4J6wMNXCnZi4dhQQIM4LBIj2omFVtnnQM/lM68c9cgAsU6aFPmZnssqjGsnm5lRqPe+uWs/RGWNzSpLlv5CKg+P9zhRVXzZwjl22gErMksF11gA5OXrj/QhBsj+hZ8VHDJ7pBBMculZnc= ibrahimoladimeji@Ibrahims-MacBook-Pro.local",
            "tags": {},
            "tags_all": {}
          },
          "sensitive_attributes": [],
          "private": "eyJzY2hlbWFfdmVyc2lvbiI6IjEifQ=="
        }
      ]
    }
  ]
}
